
Microsoft Visual Studio Solution File, Format Version 12.00
Project("{2150E333-8FDC-42A3-9474-1A3956D46DE8}") = "Solution", "Solution", "{3FD56B92-7049-4044-B6D2-90C005ECD13F}"
	ProjectSection(SolutionItems) = preProject
		readme.md = readme.md
	EndProjectSection
EndProject
Project("{FAE04EC0-301F-11D3-BF4B-00C04F79EFBC}") = "Adliance.Project.Server.Web", "src\Adliance.Project.Server.Web\Adliance.Project.Server.Web.csproj", "{485A17BB-3F5A-4C54-B5AC-2F9F6006B44A}"
EndProject
Project("{FAE04EC0-301F-11D3-BF4B-00C04F79EFBC}") = "Adliance.Project.Server.Infrastructure", "src\Adliance.Project.Server.Infrastructure\Adliance.Project.Server.Infrastructure.csproj", "{3213461D-0FBC-429A-8825-8384F2428D23}"
EndProject
Project("{FAE04EC0-301F-11D3-BF4B-00C04F79EFBC}") = "Adliance.Project.Shared", "src\Adliance.Project.Shared\Adliance.Project.Shared.csproj", "{5ACE57ED-039F-4B36-85DE-A6C00F021628}"
EndProject
Project("{FAE04EC0-301F-11D3-BF4B-00C04F79EFBC}") = "Adliance.Project.Server.Core", "src\Adliance.Project.Server.Core\Adliance.Project.Server.Core.csproj", "{9FDC6D2D-70BF-4D64-9522-650F873C54B6}"
EndProject
Project("{FAE04EC0-301F-11D3-BF4B-00C04F79EFBC}") = "Adliance.Project.BlazorGui", "src\Adliance.Project.BlazorGui\Adliance.Project.BlazorGui.csproj", "{D84BBA65-964E-4F37-8CA5-138E9DCF809D}"
EndProject
Project("{2150E333-8FDC-42A3-9474-1A3956D46DE8}") = "test", "test", "{763233CC-F9D4-4DE2-86F5-73F2EBE43A62}"
EndProject
Project("{FAE04EC0-301F-11D3-BF4B-00C04F79EFBC}") = "Adliance.Project.Server.Core.Test", "test\Adliance.Project.Server.Core.Test\Adliance.Project.Server.Core.Test.csproj", "{84635AD4-AB86-42D3-94DA-6E31E8ACAA5C}"
EndProject
Project("{FAE04EC0-301F-11D3-BF4B-00C04F79EFBC}") = "Adliance.Project.Server.Web.Test", "test\Adliance.Project.Server.Web.Test\Adliance.Project.Server.Web.Test.csproj", "{BBFAD135-0DF2-4673-8C3C-637609F21424}"
EndProject
Global
	GlobalSection(SolutionConfigurationPlatforms) = preSolution
		Debug|Any CPU = Debug|Any CPU
		Release|Any CPU = Release|Any CPU
	EndGlobalSection
	GlobalSection(ProjectConfigurationPlatforms) = postSolution
		{485A17BB-3F5A-4C54-B5AC-2F9F6006B44A}.Debug|Any CPU.ActiveCfg = Debug|Any CPU
		{485A17BB-3F5A-4C54-B5AC-2F9F6006B44A}.Debug|Any CPU.Build.0 = Debug|Any CPU
		{485A17BB-3F5A-4C54-B5AC-2F9F6006B44A}.Release|Any CPU.ActiveCfg = Release|Any CPU
		{485A17BB-3F5A-4C54-B5AC-2F9F6006B44A}.Release|Any CPU.Build.0 = Release|Any CPU
		{3213461D-0FBC-429A-8825-8384F2428D23}.Debug|Any CPU.ActiveCfg = Debug|Any CPU
		{3213461D-0FBC-429A-8825-8384F2428D23}.Debug|Any CPU.Build.0 = Debug|Any CPU
		{3213461D-0FBC-429A-8825-8384F2428D23}.Release|Any CPU.ActiveCfg = Release|Any CPU
		{3213461D-0FBC-429A-8825-8384F2428D23}.Release|Any CPU.Build.0 = Release|Any CPU
		{5ACE57ED-039F-4B36-85DE-A6C00F021628}.Debug|Any CPU.ActiveCfg = Debug|Any CPU
		{5ACE57ED-039F-4B36-85DE-A6C00F021628}.Debug|Any CPU.Build.0 = Debug|Any CPU
		{5ACE57ED-039F-4B36-85DE-A6C00F021628}.Release|Any CPU.ActiveCfg = Release|Any CPU
		{5ACE57ED-039F-4B36-85DE-A6C00F021628}.Release|Any CPU.Build.0 = Release|Any CPU
		{9FDC6D2D-70BF-4D64-9522-650F873C54B6}.Debug|Any CPU.ActiveCfg = Debug|Any CPU
		{9FDC6D2D-70BF-4D64-9522-650F873C54B6}.Debug|Any CPU.Build.0 = Debug|Any CPU
		{9FDC6D2D-70BF-4D64-9522-650F873C54B6}.Release|Any CPU.ActiveCfg = Release|Any CPU
		{9FDC6D2D-70BF-4D64-9522-650F873C54B6}.Release|Any CPU.Build.0 = Release|Any CPU
		{D84BBA65-964E-4F37-8CA5-138E9DCF809D}.Debug|Any CPU.ActiveCfg = Debug|Any CPU
		{D84BBA65-964E-4F37-8CA5-138E9DCF809D}.Debug|Any CPU.Build.0 = Debug|Any CPU
		{D84BBA65-964E-4F37-8CA5-138E9DCF809D}.Release|Any CPU.ActiveCfg = Release|Any CPU
		{D84BBA65-964E-4F37-8CA5-138E9DCF809D}.Release|Any CPU.Build.0 = Release|Any CPU
		{84635AD4-AB86-42D3-94DA-6E31E8ACAA5C}.Debug|Any CPU.ActiveCfg = Debug|Any CPU
		{84635AD4-AB86-42D3-94DA-6E31E8ACAA5C}.Debug|Any CPU.Build.0 = Debug|Any CPU
		{84635AD4-AB86-42D3-94DA-6E31E8ACAA5C}.Release|Any CPU.ActiveCfg = Release|Any CPU
		{84635AD4-AB86-42D3-94DA-6E31E8ACAA5C}.Release|Any CPU.Build.0 = Release|Any CPU
		{BBFAD135-0DF2-4673-8C3C-637609F21424}.Debug|Any CPU.ActiveCfg = Debug|Any CPU
		{BBFAD135-0DF2-4673-8C3C-637609F21424}.Debug|Any CPU.Build.0 = Debug|Any CPU
		{BBFAD135-0DF2-4673-8C3C-637609F21424}.Release|Any CPU.ActiveCfg = Release|Any CPU
		{BBFAD135-0DF2-4673-8C3C-637609F21424}.Release|Any CPU.Build.0 = Release|Any CPU
	EndGlobalSection
	GlobalSection(NestedProjects) = preSolution
		{84635AD4-AB86-42D3-94DA-6E31E8ACAA5C} = {763233CC-F9D4-4DE2-86F5-73F2EBE43A62}
		{BBFAD135-0DF2-4673-8C3C-637609F21424} = {763233CC-F9D4-4DE2-86F5-73F2EBE43A62}
	EndGlobalSection
EndGlobal
